
Microsoft Visual Studio Solution File, Format Version 12.00
# Visual Studio Version 16
VisualStudioVersion = 16.0.32228.343
MinimumVisualStudioVersion = 10.0.40219.1
Project("{9A19103F-16F7-4668-BE54-9A1E7A4F7556}") = "Json.Parser", "Json.Object\Json.Parser.csproj", "{C9EFF8D4-0CE7-43EF-B873-CCE1E8D7FCF4}"
EndProject
Project("{9A19103F-16F7-4668-BE54-9A1E7A4F7556}") = "Json.Tests", "Json.Tests\Json.Tests.csproj", "{1DDE4565-FFDD-430B-910D-220A6D53787D}"
EndProject
Global
	GlobalSection(SolutionConfigurationPlatforms) = preSolution
		Debug|Any CPU = Debug|Any CPU
		Release|Any CPU = Release|Any CPU
	EndGlobalSection
	GlobalSection(ProjectConfigurationPlatforms) = postSolution
		{C9EFF8D4-0CE7-43EF-B873-CCE1E8D7FCF4}.Debug|Any CPU.ActiveCfg = Debug|Any CPU
		{C9EFF8D4-0CE7-43EF-B873-CCE1E8D7FCF4}.Debug|Any CPU.Build.0 = Debug|Any CPU
		{C9EFF8D4-0CE7-43EF-B873-CCE1E8D7FCF4}.Release|Any CPU.ActiveCfg = Release|Any CPU
		{C9EFF8D4-0CE7-43EF-B873-CCE1E8D7FCF4}.Release|Any CPU.Build.0 = Release|Any CPU
		{1DDE4565-FFDD-430B-910D-220A6D53787D}.Debug|Any CPU.ActiveCfg = Debug|Any CPU
		{1DDE4565-FFDD-430B-910D-220A6D53787D}.Debug|Any CPU.Build.0 = Debug|Any CPU
		{1DDE4565-FFDD-430B-910D-220A6D53787D}.Release|Any CPU.ActiveCfg = Release|Any CPU
		{1DDE4565-FFDD-430B-910D-220A6D53787D}.Release|Any CPU.Build.0 = Release|Any CPU
	EndGlobalSection
	GlobalSection(SolutionProperties) = preSolution
		HideSolutionNode = FALSE
	EndGlobalSection
	GlobalSection(ExtensibilityGlobals) = postSolution
		SolutionGuid = {28EEE7D9-1F60-468F-A054-0F6C8E3876D3}
	EndGlobalSection
EndGlobal
